PODS:
  - HealthKitReporter (3.1.4)
  - HealthKitReporter/Tests (3.1.4)

DEPENDENCIES:
  - HealthKitReporter (from `../`)
  - HealthKitReporter/Tests (from `../`)

EXTERNAL SOURCES:
  HealthKitReporter:
    :path: "../"

SPEC CHECKSUMS:
  HealthKitReporter: 19ed7f3dcb8def50747636b1334e03911c27a21c

PODFILE CHECKSUM: 42dc208a4788fd9b7d8eebf0c62dd84606fddf4d

COCOAPODS: 1.16.2
